
Microsoft Visual Studio Solution File, Format Version 12.00
# Visual Studio Version 16
VisualStudioVersion = 16.0.30413.136
MinimumVisualStudioVersion = 10.0.40219.1
Project("{FAE04EC0-301F-11D3-BF4B-00C04F79EFBC}") = "ddSpelunker.Tests", "ddSpelunker.Tests\ddSpelunker.Tests.csproj", "{9D268161-5A5C-4542-AF74-BCF9D1CF6A1D}"
EndProject
Project("{FAE04EC0-301F-11D3-BF4B-00C04F79EFBC}") = "ddSpelunker.Cmd", "ddSpelunker.Cmd\ddSpelunker.Cmd.csproj", "{39D56BDF-809F-4C86-B41C-6F2E9BD2AE89}"
EndProject
Project("{FAE04EC0-301F-11D3-BF4B-00C04F79EFBC}") = "ddSpelunker.Domain", "ddSpelunker.Domain\ddSpelunker.Domain.csproj", "{DBF92530-EA4A-4F73-BA6F-E3DD267B4F5D}"
EndProject
Global
	GlobalSection(SolutionConfigurationPlatforms) = preSolution
		Debug|Any CPU = Debug|Any CPU
		Release|Any CPU = Release|Any CPU
	EndGlobalSection
	GlobalSection(ProjectConfigurationPlatforms) = postSolution
		{9D268161-5A5C-4542-AF74-BCF9D1CF6A1D}.Debug|Any CPU.ActiveCfg = Debug|Any CPU
		{9D268161-5A5C-4542-AF74-BCF9D1CF6A1D}.Debug|Any CPU.Build.0 = Debug|Any CPU
		{9D268161-5A5C-4542-AF74-BCF9D1CF6A1D}.Release|Any CPU.ActiveCfg = Release|Any CPU
		{9D268161-5A5C-4542-AF74-BCF9D1CF6A1D}.Release|Any CPU.Build.0 = Release|Any CPU
		{39D56BDF-809F-4C86-B41C-6F2E9BD2AE89}.Debug|Any CPU.ActiveCfg = Debug|Any CPU
		{39D56BDF-809F-4C86-B41C-6F2E9BD2AE89}.Debug|Any CPU.Build.0 = Debug|Any CPU
		{39D56BDF-809F-4C86-B41C-6F2E9BD2AE89}.Release|Any CPU.ActiveCfg = Release|Any CPU
		{39D56BDF-809F-4C86-B41C-6F2E9BD2AE89}.Release|Any CPU.Build.0 = Release|Any CPU
		{DBF92530-EA4A-4F73-BA6F-E3DD267B4F5D}.Debug|Any CPU.ActiveCfg = Debug|Any CPU
		{DBF92530-EA4A-4F73-BA6F-E3DD267B4F5D}.Debug|Any CPU.Build.0 = Debug|Any CPU
		{DBF92530-EA4A-4F73-BA6F-E3DD267B4F5D}.Release|Any CPU.ActiveCfg = Release|Any CPU
		{DBF92530-EA4A-4F73-BA6F-E3DD267B4F5D}.Release|Any CPU.Build.0 = Release|Any CPU
	EndGlobalSection
	GlobalSection(SolutionProperties) = preSolution
		HideSolutionNode = FALSE
	EndGlobalSection
	GlobalSection(ExtensibilityGlobals) = postSolution
		SolutionGuid = {D91D0763-0A20-4F74-8C23-3FBDDF3BD0E8}
	EndGlobalSection
EndGlobal
